
Microsoft Visual Studio Solution File, Format Version 12.00
# Visual Studio 15
VisualStudioVersion = 15.0.28307.271
MinimumVisualStudioVersion = 10.0.40219.1
Project("{FAE04EC0-301F-11D3-BF4B-00C04F79EFBC}") = "Registration_ChunFeiJohnnyTiu", "Registration_ChunFeiJohnnyTiu\Registration_ChunFeiJohnnyTiu.csproj", "{0A72604F-3581-467D-9E26-D77464B45185}"
EndProject
Global
	GlobalSection(SolutionConfigurationPlatforms) = preSolution
		Debug|Any CPU = Debug|Any CPU
		Release|Any CPU = Release|Any CPU
	EndGlobalSection
	GlobalSection(ProjectConfigurationPlatforms) = postSolution
		{0A72604F-3581-467D-9E26-D77464B45185}.Debug|Any CPU.ActiveCfg = Debug|Any CPU
		{0A72604F-3581-467D-9E26-D77464B45185}.Debug|Any CPU.Build.0 = Debug|Any CPU
		{0A72604F-3581-467D-9E26-D77464B45185}.Release|Any CPU.ActiveCfg = Release|Any CPU
		{0A72604F-3581-467D-9E26-D77464B45185}.Release|Any CPU.Build.0 = Release|Any CPU
	EndGlobalSection
	GlobalSection(SolutionProperties) = preSolution
		HideSolutionNode = FALSE
	EndGlobalSection
	GlobalSection(ExtensibilityGlobals) = postSolution
		SolutionGuid = {B831BE8F-D499-4C01-91ED-6C6B73A3842E}
	EndGlobalSection
EndGlobal
